// !$*UTF8*$!
{
	archiveVersion = 1;
	classes = {
	};
	objectVersion = 55;
	objects = {

/* Begin PBXBuildFile section */
		6207524428267F760093FF84 /* PerpustakaanApp.swift in Sources */ = {isa = PBXBuildFile; fileRef = 6207524328267F760093FF84 /* PerpustakaanApp.swift */; };
		6207524628267F760093FF84 /* ContentView.swift in Sources */ = {isa = PBXBuildFile; fileRef = 6207524528267F760093FF84 /* ContentView.swift */; };
		6207524828267F770093FF84 /* Assets.xcassets in Resources */ = {isa = PBXBuildFile; fileRef = 6207524728267F770093FF84 /* Assets.xcassets */; };
		6207524B28267F770093FF84 /* Preview Assets.xcassets in Resources */ = {isa = PBXBuildFile; fileRef = 6207524A28267F770093FF84 /* Preview Assets.xcassets */; };
		6207525328267F8D0093FF84 /* SDWebImageSwiftUI in Frameworks */ = {isa = PBXBuildFile; productRef = 6207525228267F8D0093FF84 /* SDWebImageSwiftUI */; };
		62075256282680270093FF84 /* FirebaseAuth in Frameworks */ = {isa = PBXBuildFile; productRef = 62075255282680270093FF84 /* FirebaseAuth */; };
		62075258282680270093FF84 /* FirebaseDatabase in Frameworks */ = {isa = PBXBuildFile; productRef = 62075257282680270093FF84 /* FirebaseDatabase */; };
		6207525A282680270093FF84 /* FirebaseDatabaseSwift in Frameworks */ = {isa = PBXBuildFile; productRef = 62075259282680270093FF84 /* FirebaseDatabaseSwift */; };
		6207525C282680270093FF84 /* FirebaseFirestore in Frameworks */ = {isa = PBXBuildFile; productRef = 6207525B282680270093FF84 /* FirebaseFirestore */; };
		6207525E282680270093FF84 /* FirebaseFirestoreCombine-Community in Frameworks */ = {isa = PBXBuildFile; productRef = 6207525D282680270093FF84 /* FirebaseFirestoreCombine-Community */; };
		62075260282680270093FF84 /* FirebaseFirestoreSwift in Frameworks */ = {isa = PBXBuildFile; productRef = 6207525F282680270093FF84 /* FirebaseFirestoreSwift */; };
		62075266282683570093FF84 /* GoogleService-Info.plist in Resources */ = {isa = PBXBuildFile; fileRef = 62075265282683570093FF84 /* GoogleService-Info.plist */; };
		6207526C282684170093FF84 /* Book.swift in Sources */ = {isa = PBXBuildFile; fileRef = 6207526B282684170093FF84 /* Book.swift */; };
		6207526E2826843E0093FF84 /* BookDetailsView.swift in Sources */ = {isa = PBXBuildFile; fileRef = 6207526D2826843E0093FF84 /* BookDetailsView.swift */; };
		620752702826845F0093FF84 /* BookEditView.swift in Sources */ = {isa = PBXBuildFile; fileRef = 6207526F2826845F0093FF84 /* BookEditView.swift */; };
		62075272282684910093FF84 /* BookViewModel.swift in Sources */ = {isa = PBXBuildFile; fileRef = 62075271282684910093FF84 /* BookViewModel.swift */; };
		62075274282684AE0093FF84 /* BooksViewModel.swift in Sources */ = {isa = PBXBuildFile; fileRef = 62075273282684AE0093FF84 /* BooksViewModel.swift */; };
		620752782826CF450093FF84 /* LoginPage.swift in Sources */ = {isa = PBXBuildFile; fileRef = 620752772826CF450093FF84 /* LoginPage.swift */; };
		6207527F2826E4C10093FF84 /* GoogleSignIn in Frameworks */ = {isa = PBXBuildFile; productRef = 6207527E2826E4C10093FF84 /* GoogleSignIn */; };
		620752812826E4C10093FF84 /* GoogleSignInSwift in Frameworks */ = {isa = PBXBuildFile; productRef = 620752802826E4C10093FF84 /* GoogleSignInSwift */; };
		620752832826F5C20093FF84 /* FirstPage.swift in Sources */ = {isa = PBXBuildFile; fileRef = 620752822826F5C20093FF84 /* FirstPage.swift */; };
		620752852826F9820093FF84 /* ProfileView.swift in Sources */ = {isa = PBXBuildFile; fileRef = 620752842826F9820093FF84 /* ProfileView.swift */; };
		62075287282759B00093FF84 /* TabViewController.swift in Sources */ = {isa = PBXBuildFile; fileRef = 62075286282759B00093FF84 /* TabViewController.swift */; };
		6207528928275AE20093FF84 /* ListPinjaman.swift in Sources */ = {isa = PBXBuildFile; fileRef = 6207528828275AE20093FF84 /* ListPinjaman.swift */; };
		6207528B2827642F0093FF84 /* Pinjaman.swift in Sources */ = {isa = PBXBuildFile; fileRef = 6207528A2827642F0093FF84 /* Pinjaman.swift */; };
		6207528D282764B40093FF84 /* IdentitasPeminjam.swift in Sources */ = {isa = PBXBuildFile; fileRef = 6207528C282764B40093FF84 /* IdentitasPeminjam.swift */; };
		6207528F282766FE0093FF84 /* PeminjamViewModel.swift in Sources */ = {isa = PBXBuildFile; fileRef = 6207528E282766FD0093FF84 /* PeminjamViewModel.swift */; };
		6207529128276A700093FF84 /* PeminjamsViewModel.swift in Sources */ = {isa = PBXBuildFile; fileRef = 6207529028276A700093FF84 /* PeminjamsViewModel.swift */; };
		62075293282772440093FF84 /* PinjamAddView.swift in Sources */ = {isa = PBXBuildFile; fileRef = 62075292282772440093FF84 /* PinjamAddView.swift */; };
		620752952827B2020093FF84 /* ListBukuDipinjam.swift in Sources */ = {isa = PBXBuildFile; fileRef = 620752942827B2020093FF84 /* ListBukuDipinjam.swift */; };
		620752972827B3CE0093FF84 /* PeminjamDetaiView.swift in Sources */ = {isa = PBXBuildFile; fileRef = 620752962827B3CE0093FF84 /* PeminjamDetaiView.swift */; };
/* End PBXBuildFile section */

/* Begin PBXFileReference section */
		6207524028267F760093FF84 /* Perpustakaan.app */ = {isa = PBXFileReference; explicitFileType = wrapper.application; includeInIndex = 0; path = Perpustakaan.app; sourceTree = BUILT_PRODUCTS_DIR; };
		6207524328267F760093FF84 /* PerpustakaanApp.swift */ = {isa = PBXFileReference; lastKnownFileType = sourcecode.swift; path = PerpustakaanApp.swift; sourceTree = "<group>"; };
		6207524528267F760093FF84 /* ContentView.swift */ = {isa = PBXFileReference; lastKnownFileType = sourcecode.swift; path = ContentView.swift; sourceTree = "<group>"; };
		6207524728267F770093FF84 /* Assets.xcassets */ = {isa = PBXFileReference; lastKnownFileType = folder.assetcatalog; path = Assets.xcassets; sourceTree = "<group>"; };
		6207524A28267F770093FF84 /* Preview Assets.xcassets */ = {isa = PBXFileReference; lastKnownFileType = folder.assetcatalog; path = "Preview Assets.xcassets"; sourceTree = "<group>"; };
		62075265282683570093FF84 /* GoogleService-Info.plist */ = {isa = PBXFileReference; fileEncoding = 4; lastKnownFileType = text.plist.xml; path = "GoogleService-Info.plist"; sourceTree = "<group>"; };
		6207526B282684170093FF84 /* Book.swift */ = {isa = PBXFileReference; lastKnownFileType = sourcecode.swift; path = Book.swift; sourceTree = "<group>"; };
		6207526D2826843E0093FF84 /* BookDetailsView.swift */ = {isa = PBXFileReference; lastKnownFileType = sourcecode.swift; path = BookDetailsView.swift; sourceTree = "<group>"; };
		6207526F2826845F0093FF84 /* BookEditView.swift */ = {isa = PBXFileReference; lastKnownFileType = sourcecode.swift; path = BookEditView.swift; sourceTree = "<group>"; };
		62075271282684910093FF84 /* BookViewModel.swift */ = {isa = PBXFileReference; lastKnownFileType = sourcecode.swift; path = BookViewModel.swift; sourceTree = "<group>"; };
		62075273282684AE0093FF84 /* BooksViewModel.swift */ = {isa = PBXFileReference; lastKnownFileType = sourcecode.swift; path = BooksViewModel.swift; sourceTree = "<group>"; };
		620752772826CF450093FF84 /* LoginPage.swift */ = {isa = PBXFileReference; lastKnownFileType = sourcecode.swift; path = LoginPage.swift; sourceTree = "<group>"; };
		620752792826E2950093FF84 /* Info.plist */ = {isa = PBXFileReference; lastKnownFileType = text.plist; path = Info.plist; sourceTree = "<group>"; };
		620752822826F5C20093FF84 /* FirstPage.swift */ = {isa = PBXFileReference; lastKnownFileType = sourcecode.swift; path = FirstPage.swift; sourceTree = "<group>"; };
		620752842826F9820093FF84 /* ProfileView.swift */ = {isa = PBXFileReference; lastKnownFileType = sourcecode.swift; path = ProfileView.swift; sourceTree = "<group>"; };
		62075286282759B00093FF84 /* TabViewController.swift */ = {isa = PBXFileReference; lastKnownFileType = sourcecode.swift; path = TabViewController.swift; sourceTree = "<group>"; };
		6207528828275AE20093FF84 /* ListPinjaman.swift */ = {isa = PBXFileReference; lastKnownFileType = sourcecode.swift; path = ListPinjaman.swift; sourceTree = "<group>"; };
		6207528A2827642F0093FF84 /* Pinjaman.swift */ = {isa = PBXFileReference; lastKnownFileType = sourcecode.swift; path = Pinjaman.swift; sourceTree = "<group>"; };
		6207528C282764B40093FF84 /* IdentitasPeminjam.swift */ = {isa = PBXFileReference; lastKnownFileType = sourcecode.swift; path = IdentitasPeminjam.swift; sourceTree = "<group>"; };
		6207528E282766FD0093FF84 /* PeminjamViewModel.swift */ = {isa = PBXFileReference; lastKnownFileType = sourcecode.swift; path = PeminjamViewModel.swift; sourceTree = "<group>"; };
		6207529028276A700093FF84 /* PeminjamsViewModel.swift */ = {isa = PBXFileReference; lastKnownFileType = sourcecode.swift; path = PeminjamsViewModel.swift; sourceTree = "<group>"; };
		62075292282772440093FF84 /* PinjamAddView.swift */ = {isa = PBXFileReference; lastKnownFileType = sourcecode.swift; path = PinjamAddView.swift; sourceTree = "<group>"; };
		620752942827B2020093FF84 /* ListBukuDipinjam.swift */ = {isa = PBXFileReference; lastKnownFileType = sourcecode.swift; path = ListBukuDipinjam.swift; sourceTree = "<group>"; };
		620752962827B3CE0093FF84 /* PeminjamDetaiView.swift */ = {isa = PBXFileReference; lastKnownFileType = sourcecode.swift; path = PeminjamDetaiView.swift; sourceTree = "<group>"; };
/* End PBXFileReference section */

/* Begin PBXFrameworksBuildPhase section */
		6207523D28267F760093FF84 /* Frameworks */ = {
			isa = PBXFrameworksBuildPhase;
			buildActionMask = 2147483647;
			files = (
				620752812826E4C10093FF84 /* GoogleSignInSwift in Frameworks */,
				6207525A282680270093FF84 /* FirebaseDatabaseSwift in Frameworks */,
				6207527F2826E4C10093FF84 /* GoogleSignIn in Frameworks */,
				62075258282680270093FF84 /* FirebaseDatabase in Frameworks */,
				6207525328267F8D0093FF84 /* SDWebImageSwiftUI in Frameworks */,
				62075260282680270093FF84 /* FirebaseFirestoreSwift in Frameworks */,
				6207525E282680270093FF84 /* FirebaseFirestoreCombine-Community in Frameworks */,
				6207525C282680270093FF84 /* FirebaseFirestore in Frameworks */,
				62075256282680270093FF84 /* FirebaseAuth in Frameworks */,
			);
			runOnlyForDeploymentPostprocessing = 0;
		};
/* End PBXFrameworksBuildPhase section */

/* Begin PBXGroup section */
		6207523728267F760093FF84 = {
			isa = PBXGroup;
			children = (
				6207524228267F760093FF84 /* Perpustakaan */,
				6207524128267F760093FF84 /* Products */,
			);
			sourceTree = "<group>";
		};
		6207524128267F760093FF84 /* Products */ = {
			isa = PBXGroup;
			children = (
				6207524028267F760093FF84 /* Perpustakaan.app */,
			);
			name = Products;
			sourceTree = "<group>";
		};
		6207524228267F760093FF84 /* Perpustakaan */ = {
			isa = PBXGroup;
			children = (
				620752792826E2950093FF84 /* Info.plist */,
				620752682826839C0093FF84 /* Backend */,
				620752672826838D0093FF84 /* Frontend */,
				6207524328267F760093FF84 /* PerpustakaanApp.swift */,
				62075265282683570093FF84 /* GoogleService-Info.plist */,
				6207524728267F770093FF84 /* Assets.xcassets */,
				6207524928267F770093FF84 /* Preview Content */,
			);
			path = Perpustakaan;
			sourceTree = "<group>";
		};
		6207524928267F770093FF84 /* Preview Content */ = {
			isa = PBXGroup;
			children = (
				6207524A28267F770093FF84 /* Preview Assets.xcassets */,
			);
			path = "Preview Content";
			sourceTree = "<group>";
		};
		620752672826838D0093FF84 /* Frontend */ = {
			isa = PBXGroup;
			children = (
				620752942827B2020093FF84 /* ListBukuDipinjam.swift */,
				620752962827B3CE0093FF84 /* PeminjamDetaiView.swift */,
				62075292282772440093FF84 /* PinjamAddView.swift */,
				6207526D2826843E0093FF84 /* BookDetailsView.swift */,
				6207526F2826845F0093FF84 /* BookEditView.swift */,
				620752772826CF450093FF84 /* LoginPage.swift */,
				6207524528267F760093FF84 /* ContentView.swift */,
				620752822826F5C20093FF84 /* FirstPage.swift */,
				620752842826F9820093FF84 /* ProfileView.swift */,
				62075286282759B00093FF84 /* TabViewController.swift */,
				6207528828275AE20093FF84 /* ListPinjaman.swift */,
			);
			path = Frontend;
			sourceTree = "<group>";
		};
		620752682826839C0093FF84 /* Backend */ = {
			isa = PBXGroup;
			children = (
				6207526A282683D70093FF84 /* ViewModel */,
				62075269282683D00093FF84 /* Model */,
			);
			path = Backend;
			sourceTree = "<group>";
		};
		62075269282683D00093FF84 /* Model */ = {
			isa = PBXGroup;
			children = (
				6207526B282684170093FF84 /* Book.swift */,
				6207528A2827642F0093FF84 /* Pinjaman.swift */,
				6207528C282764B40093FF84 /* IdentitasPeminjam.swift */,
			);
			path = Model;
			sourceTree = "<group>";
		};
		6207526A282683D70093FF84 /* ViewModel */ = {
			isa = PBXGroup;
			children = (
				62075271282684910093FF84 /* BookViewModel.swift */,
				62075273282684AE0093FF84 /* BooksViewModel.swift */,
				6207528E282766FD0093FF84 /* PeminjamViewModel.swift */,
				6207529028276A700093FF84 /* PeminjamsViewModel.swift */,
			);
			path = ViewModel;
			sourceTree = "<group>";
		};
/* End PBXGroup section */

/* Begin PBXNativeTarget section */
		6207523F28267F760093FF84 /* Perpustakaan */ = {
			isa = PBXNativeTarget;
			buildConfigurationList = 6207524E28267F770093FF84 /* Build configuration list for PBXNativeTarget "Perpustakaan" */;
			buildPhases = (
				6207523C28267F760093FF84 /* Sources */,
				6207523D28267F760093FF84 /* Frameworks */,
				6207523E28267F760093FF84 /* Resources */,
			);
			buildRules = (
			);
			dependencies = (
			);
			name = Perpustakaan;
			packageProductDependencies = (
				6207525228267F8D0093FF84 /* SDWebImageSwiftUI */,
				62075255282680270093FF84 /* FirebaseAuth */,
				62075257282680270093FF84 /* FirebaseDatabase */,
				62075259282680270093FF84 /* FirebaseDatabaseSwift */,
				6207525B282680270093FF84 /* FirebaseFirestore */,
				6207525D282680270093FF84 /* FirebaseFirestoreCombine-Community */,
				6207525F282680270093FF84 /* FirebaseFirestoreSwift */,
				6207527E2826E4C10093FF84 /* GoogleSignIn */,
				620752802826E4C10093FF84 /* GoogleSignInSwift */,
			);
			productName = Perpustakaan;
			productReference = 6207524028267F760093FF84 /* Perpustakaan.app */;
			productType = "com.apple.product-type.application";
		};
/* End PBXNativeTarget section */

/* Begin PBXProject section */
		6207523828267F760093FF84 /* Project object */ = {
			isa = PBXProject;
			attributes = {
				BuildIndependentTargetsInParallel = 1;
				LastSwiftUpdateCheck = 1310;
				LastUpgradeCheck = 1310;
				TargetAttributes = {
					6207523F28267F760093FF84 = {
						CreatedOnToolsVersion = 13.1;
					};
				};
			};
			buildConfigurationList = 6207523B28267F760093FF84 /* Build configuration list for PBXProject "Perpustakaan" */;
			compatibilityVersion = "Xcode 13.0";
			developmentRegion = en;
			hasScannedForEncodings = 0;
			knownRegions = (
				en,
				Base,
			);
			mainGroup = 6207523728267F760093FF84;
			packageReferences = (
				6207525128267F8D0093FF84 /* XCRemoteSwiftPackageReference "SDWebImageSwiftUI" */,
				62075254282680270093FF84 /* XCRemoteSwiftPackageReference "firebase-ios-sdk" */,
				6207527D2826E4C10093FF84 /* XCRemoteSwiftPackageReference "GoogleSignIn-iOS" */,
			);
			productRefGroup = 6207524128267F760093FF84 /* Products */;
			projectDirPath = "";
			projectRoot = "";
			targets = (
				6207523F28267F760093FF84 /* Perpustakaan */,
			);
		};
/* End PBXProject section */

/* Begin PBXResourcesBuildPhase section */
		6207523E28267F760093FF84 /* Resources */ = {
			isa = PBXResourcesBuildPhase;
			buildActionMask = 2147483647;
			files = (
				6207524B28267F770093FF84 /* Preview Assets.xcassets in Resources */,
				6207524828267F770093FF84 /* Assets.xcassets in Resources */,
				62075266282683570093FF84 /* GoogleService-Info.plist in Resources */,
			);
			runOnlyForDeploymentPostprocessing = 0;
		};
/* End PBXResourcesBuildPhase section */

/* Begin PBXSourcesBuildPhase section */
		6207523C28267F760093FF84 /* Sources */ = {
			isa = PBXSourcesBuildPhase;
			buildActionMask = 2147483647;
			files = (
				620752972827B3CE0093FF84 /* PeminjamDetaiView.swift in Sources */,
				62075287282759B00093FF84 /* TabViewController.swift in Sources */,
				6207526E2826843E0093FF84 /* BookDetailsView.swift in Sources */,
				620752832826F5C20093FF84 /* FirstPage.swift in Sources */,
				6207529128276A700093FF84 /* PeminjamsViewModel.swift in Sources */,
				62075293282772440093FF84 /* PinjamAddView.swift in Sources */,
				620752782826CF450093FF84 /* LoginPage.swift in Sources */,
				6207524628267F760093FF84 /* ContentView.swift in Sources */,
				6207528D282764B40093FF84 /* IdentitasPeminjam.swift in Sources */,
				6207524428267F760093FF84 /* PerpustakaanApp.swift in Sources */,
				62075274282684AE0093FF84 /* BooksViewModel.swift in Sources */,
				620752952827B2020093FF84 /* ListBukuDipinjam.swift in Sources */,
				6207526C282684170093FF84 /* Book.swift in Sources */,
				620752702826845F0093FF84 /* BookEditView.swift in Sources */,
				6207528928275AE20093FF84 /* ListPinjaman.swift in Sources */,
				620752852826F9820093FF84 /* ProfileView.swift in Sources */,
				62075272282684910093FF84 /* BookViewModel.swift in Sources */,
				6207528B2827642F0093FF84 /* Pinjaman.swift in Sources */,
				6207528F282766FE0093FF84 /* PeminjamViewModel.swift in Sources */,
			);
			runOnlyForDeploymentPostprocessing = 0;
		};
/* End PBXSourcesBuildPhase section */

/* Begin XCBuildConfiguration section */
		6207524C28267F770093FF84 /* Debug */ = {
			isa = XCBuildConfiguration;
			buildSettings = {
				ALWAYS_SEARCH_USER_PATHS = NO;
				CLANG_ANALYZER_NONNULL = YES;
				CLANG_ANALYZER_NUMBER_OBJECT_CONVERSION = YES_AGGRESSIVE;
				CLANG_CXX_LANGUAGE_STANDARD = "gnu++17";
				CLANG_CXX_LIBRARY = "libc++";
				CLANG_ENABLE_MODULES = YES;
				CLANG_ENABLE_OBJC_ARC = YES;
				CLANG_ENABLE_OBJC_WEAK = YES;
				CLANG_WARN_BLOCK_CAPTURE_AUTORELEASING = YES;
				CLANG_WARN_BOOL_CONVERSION = YES;
				CLANG_WARN_COMMA = YES;
				CLANG_WARN_CONSTANT_CONVERSION = YES;
				CLANG_WARN_DEPRECATED_OBJC_IMPLEMENTATIONS = YES;
				CLANG_WARN_DIRECT_OBJC_ISA_USAGE = YES_ERROR;
				CLANG_WARN_DOCUMENTATION_COMMENTS = YES;
				CLANG_WARN_EMPTY_BODY = YES;
				CLANG_WARN_ENUM_CONVERSION = YES;
				CLANG_WARN_INFINITE_RECURSION = YES;
				CLANG_WARN_INT_CONVERSION = YES;
				CLANG_WARN_NON_LITERAL_NULL_CONVERSION = YES;
				CLANG_WARN_OBJC_IMPLICIT_RETAIN_SELF = YES;
				CLANG_WARN_OBJC_LITERAL_CONVERSION = YES;
				CLANG_WARN_OBJC_ROOT_CLASS = YES_ERROR;
				CLANG_WARN_QUOTED_INCLUDE_IN_FRAMEWORK_HEADER = YES;
				CLANG_WARN_RANGE_LOOP_ANALYSIS = YES;
				CLANG_WARN_STRICT_PROTOTYPES = YES;
				CLANG_WARN_SUSPICIOUS_MOVE = YES;
				CLANG_WARN_UNGUARDED_AVAILABILITY = YES_AGGRESSIVE;
				CLANG_WARN_UNREACHABLE_CODE = YES;
				CLANG_WARN__DUPLICATE_METHOD_MATCH = YES;
				COPY_PHASE_STRIP = NO;
				DEBUG_INFORMATION_FORMAT = dwarf;
				ENABLE_STRICT_OBJC_MSGSEND = YES;
				ENABLE_TESTABILITY = YES;
				GCC_C_LANGUAGE_STANDARD = gnu11;
				GCC_DYNAMIC_NO_PIC = NO;
				GCC_NO_COMMON_BLOCKS = YES;
				GCC_OPTIMIZATION_LEVEL = 0;
				GCC_PREPROCESSOR_DEFINITIONS = (
					"DEBUG=1",
					"$(inherited)",
				);
				GCC_WARN_64_TO_32_BIT_CONVERSION = YES;
				GCC_WARN_ABOUT_RETURN_TYPE = YES_ERROR;
				GCC_WARN_UNDECLARED_SELECTOR = YES;
				GCC_WARN_UNINITIALIZED_AUTOS = YES_AGGRESSIVE;
				GCC_WARN_UNUSED_FUNCTION = YES;
				GCC_WARN_UNUSED_VARIABLE = YES;
				IPHONEOS_DEPLOYMENT_TARGET = 15.0;
				MTL_ENABLE_DEBUG_INFO = INCLUDE_SOURCE;
				MTL_FAST_MATH = YES;
				ONLY_ACTIVE_ARCH = YES;
				SDKROOT = iphoneos;
				SWIFT_ACTIVE_COMPILATION_CONDITIONS = DEBUG;
				SWIFT_OPTIMIZATION_LEVEL = "-Onone";
			};
			name = Debug;
		};
		6207524D28267F770093FF84 /* Release */ = {
			isa = XCBuildConfiguration;
			buildSettings = {
				ALWAYS_SEARCH_USER_PATHS = NO;
				CLANG_ANALYZER_NONNULL = YES;
				CLANG_ANALYZER_NUMBER_OBJECT_CONVERSION = YES_AGGRESSIVE;
				CLANG_CXX_LANGUAGE_STANDARD = "gnu++17";
				CLANG_CXX_LIBRARY = "libc++";
				CLANG_ENABLE_MODULES = YES;
				CLANG_ENABLE_OBJC_ARC = YES;
				CLANG_ENABLE_OBJC_WEAK = YES;
				CLANG_WARN_BLOCK_CAPTURE_AUTORELEASING = YES;
				CLANG_WARN_BOOL_CONVERSION = YES;
				CLANG_WARN_COMMA = YES;
				CLANG_WARN_CONSTANT_CONVERSION = YES;
				CLANG_WARN_DEPRECATED_OBJC_IMPLEMENTATIONS = YES;
				CLANG_WARN_DIRECT_OBJC_ISA_USAGE = YES_ERROR;
				CLANG_WARN_DOCUMENTATION_COMMENTS = YES;
				CLANG_WARN_EMPTY_BODY = YES;
				CLANG_WARN_ENUM_CONVERSION = YES;
				CLANG_WARN_INFINITE_RECURSION = YES;
				CLANG_WARN_INT_CONVERSION = YES;
				CLANG_WARN_NON_LITERAL_NULL_CONVERSION = YES;
				CLANG_WARN_OBJC_IMPLICIT_RETAIN_SELF = YES;
				CLANG_WARN_OBJC_LITERAL_CONVERSION = YES;
				CLANG_WARN_OBJC_ROOT_CLASS = YES_ERROR;
				CLANG_WARN_QUOTED_INCLUDE_IN_FRAMEWORK_HEADER = YES;
				CLANG_WARN_RANGE_LOOP_ANALYSIS = YES;
				CLANG_WARN_STRICT_PROTOTYPES = YES;
				CLANG_WARN_SUSPICIOUS_MOVE = YES;
				CLANG_WARN_UNGUARDED_AVAILABILITY = YES_AGGRESSIVE;
				CLANG_WARN_UNREACHABLE_CODE = YES;
				CLANG_WARN__DUPLICATE_METHOD_MATCH = YES;
				COPY_PHASE_STRIP = NO;
				DEBUG_INFORMATION_FORMAT = "dwarf-with-dsym";
				ENABLE_NS_ASSERTIONS = NO;
				ENABLE_STRICT_OBJC_MSGSEND = YES;
				GCC_C_LANGUAGE_STANDARD = gnu11;
				GCC_NO_COMMON_BLOCKS = YES;
				GCC_WARN_64_TO_32_BIT_CONVERSION = YES;
				GCC_WARN_ABOUT_RETURN_TYPE = YES_ERROR;
				GCC_WARN_UNDECLARED_SELECTOR = YES;
				GCC_WARN_UNINITIALIZED_AUTOS = YES_AGGRESSIVE;
				GCC_WARN_UNUSED_FUNCTION = YES;
				GCC_WARN_UNUSED_VARIABLE = YES;
				IPHONEOS_DEPLOYMENT_TARGET = 15.0;
				MTL_ENABLE_DEBUG_INFO = NO;
				MTL_FAST_MATH = YES;
				SDKROOT = iphoneos;
				SWIFT_COMPILATION_MODE = wholemodule;
				SWIFT_OPTIMIZATION_LEVEL = "-O";
				VALIDATE_PRODUCT = YES;
			};
			name = Release;
		};
		6207524F28267F770093FF84 /* Debug */ = {
			isa = XCBuildConfiguration;
			buildSettings = {
				ASSETCATALOG_COMPILER_APPICON_NAME = AppIcon;
				ASSETCATALOG_COMPILER_GLOBAL_ACCENT_COLOR_NAME = AccentColor;
				CODE_SIGN_STYLE = Automatic;
				CURRENT_PROJECT_VERSION = 1;
				DEVELOPMENT_ASSET_PATHS = "\"Perpustakaan/Preview Content\"";
				DEVELOPMENT_TEAM = 8376WVS28V;
				ENABLE_PREVIEWS = YES;
				GENERATE_INFOPLIST_FILE = YES;
				INFOPLIST_FILE = Perpustakaan/Info.plist;
				INFOPLIST_KEY_UIApplicationSceneManifest_Generation = YES;
				INFOPLIST_KEY_UIApplicationSupportsIndirectInputEvents = YES;
				INFOPLIST_KEY_UILaunchScreen_Generation = YES;
				INFOPLIST_KEY_UISupportedInterfaceOrientations_iPad = "UIInterfaceOrientationPortrait UIInterfaceOrientationPortraitUpsideDown UIInterfaceOrientationLandscapeLeft UIInterfaceOrientationLandscapeRight";
				INFOPLIST_KEY_UISupportedInterfaceOrientations_iPhone = "UIInterfaceOrientationPortrait UIInterfaceOrientationLandscapeLeft UIInterfaceOrientationLandscapeRight";
				LD_RUNPATH_SEARCH_PATHS = (
					"$(inherited)",
					"@executable_path/Frameworks",
				);
				MARKETING_VERSION = 1.0;
				PRODUCT_BUNDLE_IDENTIFIER = com.adimas.perpustakaan.Perpustakaan;
				PRODUCT_NAME = "$(TARGET_NAME)";
				SWIFT_EMIT_LOC_STRINGS = YES;
				SWIFT_VERSION = 5.0;
				TARGETED_DEVICE_FAMILY = "1,2";
			};
			name = Debug;
		};
		6207525028267F770093FF84 /* Release */ = {
			isa = XCBuildConfiguration;
			buildSettings = {
				ASSETCATALOG_COMPILER_APPICON_NAME = AppIcon;
				ASSETCATALOG_COMPILER_GLOBAL_ACCENT_COLOR_NAME = AccentColor;
				CODE_SIGN_STYLE = Automatic;
				CURRENT_PROJECT_VERSION = 1;
				DEVELOPMENT_ASSET_PATHS = "\"Perpustakaan/Preview Content\"";
				DEVELOPMENT_TEAM = 8376WVS28V;
				ENABLE_PREVIEWS = YES;
				GENERATE_INFOPLIST_FILE = YES;
				INFOPLIST_FILE = Perpustakaan/Info.plist;
				INFOPLIST_KEY_UIApplicationSceneManifest_Generation = YES;
				INFOPLIST_KEY_UIApplicationSupportsIndirectInputEvents = YES;
				INFOPLIST_KEY_UILaunchScreen_Generation = YES;
				INFOPLIST_KEY_UISupportedInterfaceOrientations_iPad = "UIInterfaceOrientationPortrait UIInterfaceOrientationPortraitUpsideDown UIInterfaceOrientationLandscapeLeft UIInterfaceOrientationLandscapeRight";
				INFOPLIST_KEY_UISupportedInterfaceOrientations_iPhone = "UIInterfaceOrientationPortrait UIInterfaceOrientationLandscapeLeft UIInterfaceOrientationLandscapeRight";
				LD_RUNPATH_SEARCH_PATHS = (
					"$(inherited)",
					"@executable_path/Frameworks",
				);
				MARKETING_VERSION = 1.0;
				PRODUCT_BUNDLE_IDENTIFIER = com.adimas.perpustakaan.Perpustakaan;
				PRODUCT_NAME = "$(TARGET_NAME)";
				SWIFT_EMIT_LOC_STRINGS = YES;
				SWIFT_VERSION = 5.0;
				TARGETED_DEVICE_FAMILY = "1,2";
			};
			name = Release;
		};
/* End XCBuildConfiguration section */

/* Begin XCConfigurationList section */
		6207523B28267F760093FF84 /* Build configuration list for PBXProject "Perpustakaan" */ = {
			isa = XCConfigurationList;
			buildConfigurations = (
				6207524C28267F770093FF84 /* Debug */,
				6207524D28267F770093FF84 /* Release */,
			);
			defaultConfigurationIsVisible = 0;
			defaultConfigurationName = Release;
		};
		6207524E28267F770093FF84 /* Build configuration list for PBXNativeTarget "Perpustakaan" */ = {
			isa = XCConfigurationList;
			buildConfigurations = (
				6207524F28267F770093FF84 /* Debug */,
				6207525028267F770093FF84 /* Release */,
			);
			defaultConfigurationIsVisible = 0;
			defaultConfigurationName = Release;
		};
/* End XCConfigurationList section */

/* Begin XCRemoteSwiftPackageReference section */
		6207525128267F8D0093FF84 /* XCRemoteSwiftPackageReference "SDWebImageSwiftUI" */ = {
			isa = XCRemoteSwiftPackageReference;
			repositoryURL = "https://github.com/SDWebImage/SDWebImageSwiftUI.git";
			requirement = {
				kind = upToNextMajorVersion;
				minimumVersion = 2.0.0;
			};
		};
		62075254282680270093FF84 /* XCRemoteSwiftPackageReference "firebase-ios-sdk" */ = {
			isa = XCRemoteSwiftPackageReference;
			repositoryURL = "https://github.com/firebase/firebase-ios-sdk.git";
			requirement = {
				branch = master;
				kind = branch;
			};
		};
		6207527D2826E4C10093FF84 /* XCRemoteSwiftPackageReference "GoogleSignIn-iOS" */ = {
			isa = XCRemoteSwiftPackageReference;
			repositoryURL = "https://github.com/google/GoogleSignIn-iOS";
			requirement = {
				branch = main;
				kind = branch;
			};
		};
/* End XCRemoteSwiftPackageReference section */

/* Begin XCSwiftPackageProductDependency section */
		6207525228267F8D0093FF84 /* SDWebImageSwiftUI */ = {
			isa = XCSwiftPackageProductDependency;
			package = 6207525128267F8D0093FF84 /* XCRemoteSwiftPackageReference "SDWebImageSwiftUI" */;
			productName = SDWebImageSwiftUI;
		};
		62075255282680270093FF84 /* FirebaseAuth */ = {
			isa = XCSwiftPackageProductDependency;
			package = 62075254282680270093FF84 /* XCRemoteSwiftPackageReference "firebase-ios-sdk" */;
			productName = FirebaseAuth;
		};
		62075257282680270093FF84 /* FirebaseDatabase */ = {
			isa = XCSwiftPackageProductDependency;
			package = 62075254282680270093FF84 /* XCRemoteSwiftPackageReference "firebase-ios-sdk" */;
			productName = FirebaseDatabase;
		};
		62075259282680270093FF84 /* FirebaseDatabaseSwift */ = {
			isa = XCSwiftPackageProductDependency;
			package = 62075254282680270093FF84 /* XCRemoteSwiftPackageReference "firebase-ios-sdk" */;
			productName = FirebaseDatabaseSwift;
		};
		6207525B282680270093FF84 /* FirebaseFirestore */ = {
			isa = XCSwiftPackageProductDependency;
			package = 62075254282680270093FF84 /* XCRemoteSwiftPackageReference "firebase-ios-sdk" */;
			productName = FirebaseFirestore;
		};
		6207525D282680270093FF84 /* FirebaseFirestoreCombine-Community */ = {
			isa = XCSwiftPackageProductDependency;
			package = 62075254282680270093FF84 /* XCRemoteSwiftPackageReference "firebase-ios-sdk" */;
			productName = "FirebaseFirestoreCombine-Community";
		};
		6207525F282680270093FF84 /* FirebaseFirestoreSwift */ = {
			isa = XCSwiftPackageProductDependency;
			package = 62075254282680270093FF84 /* XCRemoteSwiftPackageReference "firebase-ios-sdk" */;
			productName = FirebaseFirestoreSwift;
		};
		6207527E2826E4C10093FF84 /* GoogleSignIn */ = {
			isa = XCSwiftPackageProductDependency;
			package = 6207527D2826E4C10093FF84 /* XCRemoteSwiftPackageReference "GoogleSignIn-iOS" */;
			productName = GoogleSignIn;
		};
		620752802826E4C10093FF84 /* GoogleSignInSwift */ = {
			isa = XCSwiftPackageProductDependency;
			package = 6207527D2826E4C10093FF84 /* XCRemoteSwiftPackageReference "GoogleSignIn-iOS" */;
			productName = GoogleSignInSwift;
		};
/* End XCSwiftPackageProductDependency section */
	};
	rootObject = 6207523828267F760093FF84 /* Project object */;
}
